
Microsoft Visual Studio Solution File, Format Version 12.00
# Visual Studio Version 17
VisualStudioVersion = 17.9.34701.34
MinimumVisualStudioVersion = 10.0.40219.1
Project("{FAE04EC0-301F-11D3-BF4B-00C04F79EFBC}") = "PizzeriaKG", "PizzeriaKG\PizzeriaKG.csproj", "{15093165-C46C-4ACF-9566-EA01B3793E43}"
EndProject
Global
	GlobalSection(SolutionConfigurationPlatforms) = preSolution
		Debug|Any CPU = Debug|Any CPU
		Release|Any CPU = Release|Any CPU
	EndGlobalSection
	GlobalSection(ProjectConfigurationPlatforms) = postSolution
		{15093165-C46C-4ACF-9566-EA01B3793E43}.Debug|Any CPU.ActiveCfg = Debug|Any CPU
		{15093165-C46C-4ACF-9566-EA01B3793E43}.Debug|Any CPU.Build.0 = Debug|Any CPU
		{15093165-C46C-4ACF-9566-EA01B3793E43}.Release|Any CPU.ActiveCfg = Release|Any CPU
		{15093165-C46C-4ACF-9566-EA01B3793E43}.Release|Any CPU.Build.0 = Release|Any CPU
	EndGlobalSection
	GlobalSection(SolutionProperties) = preSolution
		HideSolutionNode = FALSE
	EndGlobalSection
	GlobalSection(ExtensibilityGlobals) = postSolution
		SolutionGuid = {09225DAE-3DC8-4487-8021-A3020AF8F972}
	EndGlobalSection
EndGlobal
